github.com/DataDog/dd-trace-go/v2 v2.0.0-20231127113553-8a6e73b1f9a6 h1:7aU7RfLS8GLFR9ssD9MulIn2R2lY7tTT0MHDAsb+K0g=
github.com/DataDog/dd-trace-go/v2 v2.0.0-20231127113553-8a6e73b1f9a6/go.mod h1:6Vt95sGJed2ogcHbCurh0MBBb7o72fHinqWVhykKV7M=
github.com/IBM/sarama v1.40.0/go.mod h1:6pBloAs1WanL/vsq5qFTyTGulJUntZHhMLOUYEIs9mg=
