github.com/DataDog/dd-trace-go/v2 v2.0.0-20231127111504-f9db3ffcbae2 h1:li9nZSUpyH/7q05cKFGJDIfVNX50AtDh/XvZpHqBEKs=
github.com/DataDog/dd-trace-go/v2 v2.0.0-20231127111504-f9db3ffcbae2/go.mod h1:ItzWgSZIl524upFSjRsP/hxvS45UbSxneCvvcBCJ/hc=
github.com/go-sql-driver/mysql v1.6.0/go.mod h1:DCzpHaOWr8IXmIStZouvnhqoel9Qv2LBy8hT2VhHyBg=
github.com/jmoiron/sqlx v1.3.5/go.mod h1:nRVWtLre0KfCLJvgxzCsLVMogSvQ1zNJtpYr2Ccp0mQ=
github.com/lib/pq v1.2.0/go.mod h1:5WUZQaWbwv1U+lTReE5YruASi9Al49XbQIvNi/34Woo=
github.com/mattn/go-sqlite3 v1.14.6/go.mod h1:NyWgC/yNuGj7Q9rpYnZvas74GogHl5/Z4A/KQRfk6bU=
