github.com/DataDog/dd-trace-go/v2 v2.0.0-20231123170750-d2a670b9b62d h1:7nAS8ET/PTsWWoRbo/hV6mJ23jxYsl0axnlh5BEEJ8w=
github.com/DataDog/dd-trace-go/v2 v2.0.0-20231123170750-d2a670b9b62d/go.mod h1:YAkJa0WkbfE1O6YKCYnqLv6pF+elmo7yvftId+ML2sA=
github.com/emicklei/go-restful/v3 v3.11.0/go.mod h1:6n3XBCmQQb25CM2LCACGz8ukIrRry+4bhvbpWn3mrbc=
