github.com/DataDog/dd-trace-go/v2 v2.0.0-20231128102720-e24d7c3c083e h1:WwOc1wnaF2P/EqpxwNEsKSPJ8RZ1rcisy++pi69cPzI=
github.com/DataDog/dd-trace-go/v2 v2.0.0-20231128102720-e24d7c3c083e/go.mod h1:zNAJyYlCyw6sx6Mq6EGgX2mITzJBSfxNZdTVYc/euPw=
github.com/DataDog/dd-trace-go/v2 v2.0.0-20231128111303-33edcf13d748 h1:Zl0QT3wQ8M1TarZGEHy8gNtC7oWnS78OunQz+6q96S4=
github.com/DataDog/dd-trace-go/v2 v2.0.0-20231128111303-33edcf13d748/go.mod h1:zNAJyYlCyw6sx6Mq6EGgX2mITzJBSfxNZdTVYc/euPw=
