github.com/DataDog/dd-trace-go/v2 v2.0.0-20231123171108-b2ebc089f5b7 h1:YttefVtK0WWUkCESZD4XHs+OdulcHzM7ZZxuazSG1lo=
github.com/DataDog/dd-trace-go/v2 v2.0.0-20231123171108-b2ebc089f5b7/go.mod h1:YAkJa0WkbfE1O6YKCYnqLv6pF+elmo7yvftId+ML2sA=
github.com/globalsign/mgo v0.0.0-20181015135952-eeefdecb41b8/go.mod h1:xkRDCp4j0OGD1HRkm4kmhM+pmpv3AKq5SU7GMg4oO/Q=
